
Microsoft Visual Studio Solution File, Format Version 12.00
# Visual Studio Version 17
VisualStudioVersion = 17.0.31903.59
MinimumVisualStudioVersion = 10.0.40219.1
Project("{2150E333-8FDC-42A3-9474-1A3956D46DE8}") = "src", "src", "{6ED356A7-8B47-4613-AD01-C85CF28491BD}"
EndProject
Project("{2150E333-8FDC-42A3-9474-1A3956D46DE8}") = "tests", "tests", "{664D406C-2F83-48F0-BFC3-408D5CB53C65}"
EndProject
Project("{2150E333-8FDC-42A3-9474-1A3956D46DE8}") = "Solution Items", "Solution Items", "{E2DA20AA-28D1-455C-BF50-C49A8F831633}"
	ProjectSection(SolutionItems) = preProject
		.editorconfig = .editorconfig
		.gitignore = .gitignore
		README.md = README.md
	EndProjectSection
EndProject
Project("{FAE04EC0-301F-11D3-BF4B-00C04F79EFBC}") = "TechnicalAssignment.BlockchainCollector.Domain", "src\TechnicalAssignment.BlockchainCollector.Domain\TechnicalAssignment.BlockchainCollector.Domain.csproj", "{1A5F453E-305E-4034-901E-A68374439152}"
EndProject
Project("{FAE04EC0-301F-11D3-BF4B-00C04F79EFBC}") = "TechnicalAssignment.BlockchainCollector.Application", "src\TechnicalAssignment.BlockchainCollector.Application\TechnicalAssignment.BlockchainCollector.Application.csproj", "{2B304C93-C31B-4309-B7BC-D8F4446F84B8}"
EndProject
Project("{FAE04EC0-301F-11D3-BF4B-00C04F79EFBC}") = "TechnicalAssignment.BlockchainCollector.Infrastructure", "src\TechnicalAssignment.BlockchainCollector.Infrastructure\TechnicalAssignment.BlockchainCollector.Infrastructure.csproj", "{22C28289-CA5F-4ED9-9E52-98A189FAE528}"
EndProject
Project("{FAE04EC0-301F-11D3-BF4B-00C04F79EFBC}") = "TechnicalAssignment.BlockchainCollector.API", "src\TechnicalAssignment.BlockchainCollector.API\TechnicalAssignment.BlockchainCollector.API.csproj", "{5FB7F929-32EB-4598-B25D-E865293709AC}"
EndProject
Project("{E53339B2-1760-4266-BCC7-CA923CBCF16C}") = "docker-compose", "docker-compose.dcproj", "{81DDED9D-158B-E303-5F62-77A2896D2A5A}"
EndProject
Project("{2150E333-8FDC-42A3-9474-1A3956D46DE8}") = "Gateway", "Gateway", "{02EA681E-C7D8-13C7-8484-4AC65E1B71E8}"
EndProject
Project("{2150E333-8FDC-42A3-9474-1A3956D46DE8}") = "BlockchainCollector", "BlockchainCollector", "{1F58D3F0-4CB5-4BF5-B69F-79DAA2D996A0}"
EndProject
Project("{FAE04EC0-301F-11D3-BF4B-00C04F79EFBC}") = "TechnicalAssignment.Gateway.API", "src\TechnicalAssignment.Gateway.API\TechnicalAssignment.Gateway.API.csproj", "{0A4851AB-26D6-4DE5-9F2F-D1DC4492D488}"
EndProject
Project("{2150E333-8FDC-42A3-9474-1A3956D46DE8}") = "UnitTests", "UnitTests", "{8F518FC6-DC94-48CE-9DFB-C480909A5E29}"
EndProject
Project("{2150E333-8FDC-42A3-9474-1A3956D46DE8}") = "FunctionalTests", "FunctionalTests", "{DD9BA28B-5983-432B-98E9-3924D250B6F3}"
EndProject
Project("{2150E333-8FDC-42A3-9474-1A3956D46DE8}") = "IntegrationTests", "IntegrationTests", "{C03B32EF-4CB8-4047-AC8D-66BD49C7D281}"
EndProject
Project("{FAE04EC0-301F-11D3-BF4B-00C04F79EFBC}") = "TechnicalAssignment.BlockchainCollector.Application.UnitTests", "tests\TechnicalAssignment.BlockchainCollector.Application.UnitTests\TechnicalAssignment.BlockchainCollector.Application.UnitTests.csproj", "{75354B3B-67E9-4ECF-BFE9-58FE0508C48E}"
EndProject
Project("{FAE04EC0-301F-11D3-BF4B-00C04F79EFBC}") = "TechnicalAssignment.BlockchainCollector.Infrastructure.UnitTests", "tests\TechnicalAssignment.BlockchainCollector.Infrastructure.UnitTests\TechnicalAssignment.BlockchainCollector.Infrastructure.UnitTests.csproj", "{A50AA1AF-6F1A-44C9-91CA-C344C080C507}"
EndProject
Project("{FAE04EC0-301F-11D3-BF4B-00C04F79EFBC}") = "TechnicalAssignment.BlockchainCollector.API.FunctionalTests", "tests\TechnicalAssignment.BlockchainCollector.API.FunctionalTests\TechnicalAssignment.BlockchainCollector.API.FunctionalTests.csproj", "{43B11575-D067-4E70-BC8D-508A7E66E4F4}"
EndProject
Global
	GlobalSection(SolutionConfigurationPlatforms) = preSolution
		Debug|Any CPU = Debug|Any CPU
		Release|Any CPU = Release|Any CPU
	EndGlobalSection
	GlobalSection(ProjectConfigurationPlatforms) = postSolution
		{1A5F453E-305E-4034-901E-A68374439152}.Debug|Any CPU.ActiveCfg = Debug|Any CPU
		{1A5F453E-305E-4034-901E-A68374439152}.Debug|Any CPU.Build.0 = Debug|Any CPU
		{1A5F453E-305E-4034-901E-A68374439152}.Release|Any CPU.ActiveCfg = Release|Any CPU
		{1A5F453E-305E-4034-901E-A68374439152}.Release|Any CPU.Build.0 = Release|Any CPU
		{2B304C93-C31B-4309-B7BC-D8F4446F84B8}.Debug|Any CPU.ActiveCfg = Debug|Any CPU
		{2B304C93-C31B-4309-B7BC-D8F4446F84B8}.Debug|Any CPU.Build.0 = Debug|Any CPU
		{2B304C93-C31B-4309-B7BC-D8F4446F84B8}.Release|Any CPU.ActiveCfg = Release|Any CPU
		{2B304C93-C31B-4309-B7BC-D8F4446F84B8}.Release|Any CPU.Build.0 = Release|Any CPU
		{22C28289-CA5F-4ED9-9E52-98A189FAE528}.Debug|Any CPU.ActiveCfg = Debug|Any CPU
		{22C28289-CA5F-4ED9-9E52-98A189FAE528}.Debug|Any CPU.Build.0 = Debug|Any CPU
		{22C28289-CA5F-4ED9-9E52-98A189FAE528}.Release|Any CPU.ActiveCfg = Release|Any CPU
		{22C28289-CA5F-4ED9-9E52-98A189FAE528}.Release|Any CPU.Build.0 = Release|Any CPU
		{5FB7F929-32EB-4598-B25D-E865293709AC}.Debug|Any CPU.ActiveCfg = Debug|Any CPU
		{5FB7F929-32EB-4598-B25D-E865293709AC}.Debug|Any CPU.Build.0 = Debug|Any CPU
		{5FB7F929-32EB-4598-B25D-E865293709AC}.Release|Any CPU.ActiveCfg = Release|Any CPU
		{5FB7F929-32EB-4598-B25D-E865293709AC}.Release|Any CPU.Build.0 = Release|Any CPU
		{81DDED9D-158B-E303-5F62-77A2896D2A5A}.Debug|Any CPU.ActiveCfg = Debug|Any CPU
		{81DDED9D-158B-E303-5F62-77A2896D2A5A}.Debug|Any CPU.Build.0 = Debug|Any CPU
		{81DDED9D-158B-E303-5F62-77A2896D2A5A}.Release|Any CPU.ActiveCfg = Release|Any CPU
		{81DDED9D-158B-E303-5F62-77A2896D2A5A}.Release|Any CPU.Build.0 = Release|Any CPU
		{0A4851AB-26D6-4DE5-9F2F-D1DC4492D488}.Debug|Any CPU.ActiveCfg = Debug|Any CPU
		{0A4851AB-26D6-4DE5-9F2F-D1DC4492D488}.Debug|Any CPU.Build.0 = Debug|Any CPU
		{0A4851AB-26D6-4DE5-9F2F-D1DC4492D488}.Release|Any CPU.ActiveCfg = Release|Any CPU
		{0A4851AB-26D6-4DE5-9F2F-D1DC4492D488}.Release|Any CPU.Build.0 = Release|Any CPU
		{75354B3B-67E9-4ECF-BFE9-58FE0508C48E}.Debug|Any CPU.ActiveCfg = Debug|Any CPU
		{75354B3B-67E9-4ECF-BFE9-58FE0508C48E}.Debug|Any CPU.Build.0 = Debug|Any CPU
		{75354B3B-67E9-4ECF-BFE9-58FE0508C48E}.Release|Any CPU.ActiveCfg = Release|Any CPU
		{75354B3B-67E9-4ECF-BFE9-58FE0508C48E}.Release|Any CPU.Build.0 = Release|Any CPU
		{A50AA1AF-6F1A-44C9-91CA-C344C080C507}.Debug|Any CPU.ActiveCfg = Debug|Any CPU
		{A50AA1AF-6F1A-44C9-91CA-C344C080C507}.Debug|Any CPU.Build.0 = Debug|Any CPU
		{A50AA1AF-6F1A-44C9-91CA-C344C080C507}.Release|Any CPU.ActiveCfg = Release|Any CPU
		{A50AA1AF-6F1A-44C9-91CA-C344C080C507}.Release|Any CPU.Build.0 = Release|Any CPU
		{43B11575-D067-4E70-BC8D-508A7E66E4F4}.Debug|Any CPU.ActiveCfg = Debug|Any CPU
		{43B11575-D067-4E70-BC8D-508A7E66E4F4}.Debug|Any CPU.Build.0 = Debug|Any CPU
		{43B11575-D067-4E70-BC8D-508A7E66E4F4}.Release|Any CPU.ActiveCfg = Release|Any CPU
		{43B11575-D067-4E70-BC8D-508A7E66E4F4}.Release|Any CPU.Build.0 = Release|Any CPU
	EndGlobalSection
	GlobalSection(SolutionProperties) = preSolution
		HideSolutionNode = FALSE
	EndGlobalSection
	GlobalSection(NestedProjects) = preSolution
		{1A5F453E-305E-4034-901E-A68374439152} = {1F58D3F0-4CB5-4BF5-B69F-79DAA2D996A0}
		{2B304C93-C31B-4309-B7BC-D8F4446F84B8} = {1F58D3F0-4CB5-4BF5-B69F-79DAA2D996A0}
		{22C28289-CA5F-4ED9-9E52-98A189FAE528} = {1F58D3F0-4CB5-4BF5-B69F-79DAA2D996A0}
		{5FB7F929-32EB-4598-B25D-E865293709AC} = {1F58D3F0-4CB5-4BF5-B69F-79DAA2D996A0}
		{02EA681E-C7D8-13C7-8484-4AC65E1B71E8} = {6ED356A7-8B47-4613-AD01-C85CF28491BD}
		{1F58D3F0-4CB5-4BF5-B69F-79DAA2D996A0} = {6ED356A7-8B47-4613-AD01-C85CF28491BD}
		{0A4851AB-26D6-4DE5-9F2F-D1DC4492D488} = {02EA681E-C7D8-13C7-8484-4AC65E1B71E8}
		{8F518FC6-DC94-48CE-9DFB-C480909A5E29} = {664D406C-2F83-48F0-BFC3-408D5CB53C65}
		{DD9BA28B-5983-432B-98E9-3924D250B6F3} = {664D406C-2F83-48F0-BFC3-408D5CB53C65}
		{C03B32EF-4CB8-4047-AC8D-66BD49C7D281} = {664D406C-2F83-48F0-BFC3-408D5CB53C65}
		{75354B3B-67E9-4ECF-BFE9-58FE0508C48E} = {8F518FC6-DC94-48CE-9DFB-C480909A5E29}
		{A50AA1AF-6F1A-44C9-91CA-C344C080C507} = {8F518FC6-DC94-48CE-9DFB-C480909A5E29}
		{43B11575-D067-4E70-BC8D-508A7E66E4F4} = {DD9BA28B-5983-432B-98E9-3924D250B6F3}
	EndGlobalSection
	GlobalSection(ExtensibilityGlobals) = postSolution
		SolutionGuid = {3CB609D9-5D54-4C11-A371-DAAC8B74E430}
	EndGlobalSection
EndGlobal
